
Microsoft Visual Studio Solution File, Format Version 12.00
# Visual Studio Version 17
VisualStudioVersion = 17.2.32630.192
MinimumVisualStudioVersion = 10.0.40219.1
Project("{FAE04EC0-301F-11D3-BF4B-00C04F79EFBC}") = "Tm3k.Desktop", "src\Tm3k.Desktop\Tm3k.Desktop.csproj", "{92486805-CFA4-4A80-843E-A2B056FF770B}"
EndProject
Global
	GlobalSection(SolutionConfigurationPlatforms) = preSolution
		Debug|Any CPU = Debug|Any CPU
		Release|Any CPU = Release|Any CPU
	EndGlobalSection
	GlobalSection(ProjectConfigurationPlatforms) = postSolution
		{92486805-CFA4-4A80-843E-A2B056FF770B}.Debug|Any CPU.ActiveCfg = Debug|Any CPU
		{92486805-CFA4-4A80-843E-A2B056FF770B}.Debug|Any CPU.Build.0 = Debug|Any CPU
		{92486805-CFA4-4A80-843E-A2B056FF770B}.Release|Any CPU.ActiveCfg = Release|Any CPU
		{92486805-CFA4-4A80-843E-A2B056FF770B}.Release|Any CPU.Build.0 = Release|Any CPU
	EndGlobalSection
	GlobalSection(SolutionProperties) = preSolution
		HideSolutionNode = FALSE
	EndGlobalSection
	GlobalSection(ExtensibilityGlobals) = postSolution
		SolutionGuid = {0671C40E-21FA-44FC-B212-8B934BF8E211}
	EndGlobalSection
EndGlobal
